// !$*UTF8*$!
{
	archiveVersion = 1;
	classes = {
	};
	objectVersion = 56;
	objects = {

/* Begin PBXBuildFile section */
		F18B15E829F348120097C3C9 /* SwiftySLSApp.swift in Sources */ = {isa = PBXBuildFile; fileRef = F18B15E729F348120097C3C9 /* SwiftySLSApp.swift */; };
		F18B15EA29F348120097C3C9 /* ContentView.swift in Sources */ = {isa = PBXBuildFile; fileRef = F18B15E929F348120097C3C9 /* ContentView.swift */; };
		F18B15EC29F348140097C3C9 /* Assets.xcassets in Resources */ = {isa = PBXBuildFile; fileRef = F18B15EB29F348140097C3C9 /* Assets.xcassets */; };
		F18B15F029F348140097C3C9 /* Preview Assets.xcassets in Resources */ = {isa = PBXBuildFile; fileRef = F18B15EF29F348140097C3C9 /* Preview Assets.xcassets */; };
		F18B15F729F3488E0097C3C9 /* Resource.swift in Sources */ = {isa = PBXBuildFile; fileRef = F18B15F629F3488E0097C3C9 /* Resource.swift */; };
		F18B15F929F3489C0097C3C9 /* ResourceStorage.swift in Sources */ = {isa = PBXBuildFile; fileRef = F18B15F829F3489C0097C3C9 /* ResourceStorage.swift */; };
		F1B8B84329F348E900A40CD6 /* ResourceType.swift in Sources */ = {isa = PBXBuildFile; fileRef = F1B8B84229F348E900A40CD6 /* ResourceType.swift */; };
		F1B8B84529F349EB00A40CD6 /* ResourceAgent.swift in Sources */ = {isa = PBXBuildFile; fileRef = F1B8B84429F349EB00A40CD6 /* ResourceAgent.swift */; };
		F1B8B84729F34A6200A40CD6 /* ProgressBarView.swift in Sources */ = {isa = PBXBuildFile; fileRef = F1B8B84629F34A6200A40CD6 /* ProgressBarView.swift */; };
		F1B8B84929F34AC300A40CD6 /* Astronaut.swift in Sources */ = {isa = PBXBuildFile; fileRef = F1B8B84829F34AC300A40CD6 /* Astronaut.swift */; };
		F1B8B84B29F34ACD00A40CD6 /* Plant.swift in Sources */ = {isa = PBXBuildFile; fileRef = F1B8B84A29F34ACD00A40CD6 /* Plant.swift */; };
		F1B8B84D29F34ADC00A40CD6 /* Metabolism.swift in Sources */ = {isa = PBXBuildFile; fileRef = F1B8B84C29F34ADC00A40CD6 /* Metabolism.swift */; };
		F1B8B84F29F34AEC00A40CD6 /* Module.swift in Sources */ = {isa = PBXBuildFile; fileRef = F1B8B84E29F34AEC00A40CD6 /* Module.swift */; };
		F1B8B85129F34B2A00A40CD6 /* Station.swift in Sources */ = {isa = PBXBuildFile; fileRef = F1B8B85029F34B2A00A40CD6 /* Station.swift */; };
		F1B8B85329F34B3D00A40CD6 /* Roster.swift in Sources */ = {isa = PBXBuildFile; fileRef = F1B8B85229F34B3D00A40CD6 /* Roster.swift */; };
		F1B8B85529F34B5100A40CD6 /* ModuleView.swift in Sources */ = {isa = PBXBuildFile; fileRef = F1B8B85429F34B5100A40CD6 /* ModuleView.swift */; };
/* End PBXBuildFile section */

/* Begin PBXFileReference section */
		F18B15E429F348120097C3C9 /* SwiftySLS.app */ = {isa = PBXFileReference; explicitFileType = wrapper.application; includeInIndex = 0; path = SwiftySLS.app; sourceTree = BUILT_PRODUCTS_DIR; };
		F18B15E729F348120097C3C9 /* SwiftySLSApp.swift */ = {isa = PBXFileReference; lastKnownFileType = sourcecode.swift; path = SwiftySLSApp.swift; sourceTree = "<group>"; };
		F18B15E929F348120097C3C9 /* ContentView.swift */ = {isa = PBXFileReference; lastKnownFileType = sourcecode.swift; path = ContentView.swift; sourceTree = "<group>"; };
		F18B15EB29F348140097C3C9 /* Assets.xcassets */ = {isa = PBXFileReference; lastKnownFileType = folder.assetcatalog; path = Assets.xcassets; sourceTree = "<group>"; };
		F18B15ED29F348140097C3C9 /* SwiftySLS.entitlements */ = {isa = PBXFileReference; lastKnownFileType = text.plist.entitlements; path = SwiftySLS.entitlements; sourceTree = "<group>"; };
		F18B15EF29F348140097C3C9 /* Preview Assets.xcassets */ = {isa = PBXFileReference; lastKnownFileType = folder.assetcatalog; path = "Preview Assets.xcassets"; sourceTree = "<group>"; };
		F18B15F629F3488E0097C3C9 /* Resource.swift */ = {isa = PBXFileReference; lastKnownFileType = sourcecode.swift; path = Resource.swift; sourceTree = "<group>"; };
		F18B15F829F3489C0097C3C9 /* ResourceStorage.swift */ = {isa = PBXFileReference; lastKnownFileType = sourcecode.swift; path = ResourceStorage.swift; sourceTree = "<group>"; };
		F1B8B84229F348E900A40CD6 /* ResourceType.swift */ = {isa = PBXFileReference; lastKnownFileType = sourcecode.swift; path = ResourceType.swift; sourceTree = "<group>"; };
		F1B8B84429F349EB00A40CD6 /* ResourceAgent.swift */ = {isa = PBXFileReference; lastKnownFileType = sourcecode.swift; path = ResourceAgent.swift; sourceTree = "<group>"; };
		F1B8B84629F34A6200A40CD6 /* ProgressBarView.swift */ = {isa = PBXFileReference; lastKnownFileType = sourcecode.swift; path = ProgressBarView.swift; sourceTree = "<group>"; };
		F1B8B84829F34AC300A40CD6 /* Astronaut.swift */ = {isa = PBXFileReference; lastKnownFileType = sourcecode.swift; path = Astronaut.swift; sourceTree = "<group>"; };
		F1B8B84A29F34ACD00A40CD6 /* Plant.swift */ = {isa = PBXFileReference; lastKnownFileType = sourcecode.swift; path = Plant.swift; sourceTree = "<group>"; };
		F1B8B84C29F34ADC00A40CD6 /* Metabolism.swift */ = {isa = PBXFileReference; lastKnownFileType = sourcecode.swift; path = Metabolism.swift; sourceTree = "<group>"; };
		F1B8B84E29F34AEC00A40CD6 /* Module.swift */ = {isa = PBXFileReference; lastKnownFileType = sourcecode.swift; path = Module.swift; sourceTree = "<group>"; };
		F1B8B85029F34B2A00A40CD6 /* Station.swift */ = {isa = PBXFileReference; lastKnownFileType = sourcecode.swift; path = Station.swift; sourceTree = "<group>"; };
		F1B8B85229F34B3D00A40CD6 /* Roster.swift */ = {isa = PBXFileReference; lastKnownFileType = sourcecode.swift; path = Roster.swift; sourceTree = "<group>"; };
		F1B8B85429F34B5100A40CD6 /* ModuleView.swift */ = {isa = PBXFileReference; lastKnownFileType = sourcecode.swift; path = ModuleView.swift; sourceTree = "<group>"; };
/* End PBXFileReference section */

/* Begin PBXFrameworksBuildPhase section */
		F18B15E129F348120097C3C9 /* Frameworks */ = {
			isa = PBXFrameworksBuildPhase;
			buildActionMask = 2147483647;
			files = (
			);
			runOnlyForDeploymentPostprocessing = 0;
		};
/* End PBXFrameworksBuildPhase section */

/* Begin PBXGroup section */
		F18B15DB29F348120097C3C9 = {
			isa = PBXGroup;
			children = (
				F18B15E629F348120097C3C9 /* SwiftySLS */,
				F18B15E529F348120097C3C9 /* Products */,
			);
			sourceTree = "<group>";
		};
		F18B15E529F348120097C3C9 /* Products */ = {
			isa = PBXGroup;
			children = (
				F18B15E429F348120097C3C9 /* SwiftySLS.app */,
			);
			name = Products;
			sourceTree = "<group>";
		};
		F18B15E629F348120097C3C9 /* SwiftySLS */ = {
			isa = PBXGroup;
			children = (
				F18B15E729F348120097C3C9 /* SwiftySLSApp.swift */,
				F18B15F629F3488E0097C3C9 /* Resource.swift */,
				F1B8B84429F349EB00A40CD6 /* ResourceAgent.swift */,
				F1B8B84629F34A6200A40CD6 /* ProgressBarView.swift */,
				F1B8B84829F34AC300A40CD6 /* Astronaut.swift */,
				F1B8B84A29F34ACD00A40CD6 /* Plant.swift */,
				F1B8B84C29F34ADC00A40CD6 /* Metabolism.swift */,
				F1B8B84E29F34AEC00A40CD6 /* Module.swift */,
				F1B8B85029F34B2A00A40CD6 /* Station.swift */,
				F1B8B85229F34B3D00A40CD6 /* Roster.swift */,
				F1B8B85429F34B5100A40CD6 /* ModuleView.swift */,
				F1B8B84229F348E900A40CD6 /* ResourceType.swift */,
				F18B15F829F3489C0097C3C9 /* ResourceStorage.swift */,
				F18B15E929F348120097C3C9 /* ContentView.swift */,
				F18B15EB29F348140097C3C9 /* Assets.xcassets */,
				F18B15ED29F348140097C3C9 /* SwiftySLS.entitlements */,
				F18B15EE29F348140097C3C9 /* Preview Content */,
			);
			path = SwiftySLS;
			sourceTree = "<group>";
		};
		F18B15EE29F348140097C3C9 /* Preview Content */ = {
			isa = PBXGroup;
			children = (
				F18B15EF29F348140097C3C9 /* Preview Assets.xcassets */,
			);
			path = "Preview Content";
			sourceTree = "<group>";
		};
/* End PBXGroup section */

/* Begin PBXNativeTarget section */
		F18B15E329F348120097C3C9 /* SwiftySLS */ = {
			isa = PBXNativeTarget;
			buildConfigurationList = F18B15F329F348140097C3C9 /* Build configuration list for PBXNativeTarget "SwiftySLS" */;
			buildPhases = (
				F18B15E029F348120097C3C9 /* Sources */,
				F18B15E129F348120097C3C9 /* Frameworks */,
				F18B15E229F348120097C3C9 /* Resources */,
			);
			buildRules = (
			);
			dependencies = (
			);
			name = SwiftySLS;
			productName = SwiftySLS;
			productReference = F18B15E429F348120097C3C9 /* SwiftySLS.app */;
			productType = "com.apple.product-type.application";
		};
/* End PBXNativeTarget section */

/* Begin PBXProject section */
		F18B15DC29F348120097C3C9 /* Project object */ = {
			isa = PBXProject;
			attributes = {
				BuildIndependentTargetsInParallel = 1;
				LastSwiftUpdateCheck = 1410;
				LastUpgradeCheck = 1410;
				TargetAttributes = {
					F18B15E329F348120097C3C9 = {
						CreatedOnToolsVersion = 14.1;
					};
				};
			};
			buildConfigurationList = F18B15DF29F348120097C3C9 /* Build configuration list for PBXProject "SwiftySLS" */;
			compatibilityVersion = "Xcode 14.0";
			developmentRegion = en;
			hasScannedForEncodings = 0;
			knownRegions = (
				en,
				Base,
			);
			mainGroup = F18B15DB29F348120097C3C9;
			productRefGroup = F18B15E529F348120097C3C9 /* Products */;
			projectDirPath = "";
			projectRoot = "";
			targets = (
				F18B15E329F348120097C3C9 /* SwiftySLS */,
			);
		};
/* End PBXProject section */

/* Begin PBXResourcesBuildPhase section */
		F18B15E229F348120097C3C9 /* Resources */ = {
			isa = PBXResourcesBuildPhase;
			buildActionMask = 2147483647;
			files = (
				F18B15F029F348140097C3C9 /* Preview Assets.xcassets in Resources */,
				F18B15EC29F348140097C3C9 /* Assets.xcassets in Resources */,
			);
			runOnlyForDeploymentPostprocessing = 0;
		};
/* End PBXResourcesBuildPhase section */

/* Begin PBXSourcesBuildPhase section */
		F18B15E029F348120097C3C9 /* Sources */ = {
			isa = PBXSourcesBuildPhase;
			buildActionMask = 2147483647;
			files = (
				F1B8B85529F34B5100A40CD6 /* ModuleView.swift in Sources */,
				F1B8B84329F348E900A40CD6 /* ResourceType.swift in Sources */,
				F1B8B84B29F34ACD00A40CD6 /* Plant.swift in Sources */,
				F1B8B85329F34B3D00A40CD6 /* Roster.swift in Sources */,
				F18B15F729F3488E0097C3C9 /* Resource.swift in Sources */,
				F18B15F929F3489C0097C3C9 /* ResourceStorage.swift in Sources */,
				F1B8B84929F34AC300A40CD6 /* Astronaut.swift in Sources */,
				F1B8B84529F349EB00A40CD6 /* ResourceAgent.swift in Sources */,
				F18B15EA29F348120097C3C9 /* ContentView.swift in Sources */,
				F18B15E829F348120097C3C9 /* SwiftySLSApp.swift in Sources */,
				F1B8B84D29F34ADC00A40CD6 /* Metabolism.swift in Sources */,
				F1B8B84F29F34AEC00A40CD6 /* Module.swift in Sources */,
				F1B8B85129F34B2A00A40CD6 /* Station.swift in Sources */,
				F1B8B84729F34A6200A40CD6 /* ProgressBarView.swift in Sources */,
			);
			runOnlyForDeploymentPostprocessing = 0;
		};
/* End PBXSourcesBuildPhase section */

/* Begin XCBuildConfiguration section */
		F18B15F129F348140097C3C9 /* Debug */ = {
			isa = XCBuildConfiguration;
			buildSettings = {
				ALWAYS_SEARCH_USER_PATHS = NO;
				CLANG_ANALYZER_NONNULL = YES;
				CLANG_ANALYZER_NUMBER_OBJECT_CONVERSION = YES_AGGRESSIVE;
				CLANG_CXX_LANGUAGE_STANDARD = "gnu++20";
				CLANG_ENABLE_MODULES = YES;
				CLANG_ENABLE_OBJC_ARC = YES;
				CLANG_ENABLE_OBJC_WEAK = YES;
				CLANG_WARN_BLOCK_CAPTURE_AUTORELEASING = YES;
				CLANG_WARN_BOOL_CONVERSION = YES;
				CLANG_WARN_COMMA = YES;
				CLANG_WARN_CONSTANT_CONVERSION = YES;
				CLANG_WARN_DEPRECATED_OBJC_IMPLEMENTATIONS = YES;
				CLANG_WARN_DIRECT_OBJC_ISA_USAGE = YES_ERROR;
				CLANG_WARN_DOCUMENTATION_COMMENTS = YES;
				CLANG_WARN_EMPTY_BODY = YES;
				CLANG_WARN_ENUM_CONVERSION = YES;
				CLANG_WARN_INFINITE_RECURSION = YES;
				CLANG_WARN_INT_CONVERSION = YES;
				CLANG_WARN_NON_LITERAL_NULL_CONVERSION = YES;
				CLANG_WARN_OBJC_IMPLICIT_RETAIN_SELF = YES;
				CLANG_WARN_OBJC_LITERAL_CONVERSION = YES;
				CLANG_WARN_OBJC_ROOT_CLASS = YES_ERROR;
				CLANG_WARN_QUOTED_INCLUDE_IN_FRAMEWORK_HEADER = YES;
				CLANG_WARN_RANGE_LOOP_ANALYSIS = YES;
				CLANG_WARN_STRICT_PROTOTYPES = YES;
				CLANG_WARN_SUSPICIOUS_MOVE = YES;
				CLANG_WARN_UNGUARDED_AVAILABILITY = YES_AGGRESSIVE;
				CLANG_WARN_UNREACHABLE_CODE = YES;
				CLANG_WARN__DUPLICATE_METHOD_MATCH = YES;
				COPY_PHASE_STRIP = NO;
				DEBUG_INFORMATION_FORMAT = dwarf;
				ENABLE_STRICT_OBJC_MSGSEND = YES;
				ENABLE_TESTABILITY = YES;
				GCC_C_LANGUAGE_STANDARD = gnu11;
				GCC_DYNAMIC_NO_PIC = NO;
				GCC_NO_COMMON_BLOCKS = YES;
				GCC_OPTIMIZATION_LEVEL = 0;
				GCC_PREPROCESSOR_DEFINITIONS = (
					"DEBUG=1",
					"$(inherited)",
				);
				GCC_WARN_64_TO_32_BIT_CONVERSION = YES;
				GCC_WARN_ABOUT_RETURN_TYPE = YES_ERROR;
				GCC_WARN_UNDECLARED_SELECTOR = YES;
				GCC_WARN_UNINITIALIZED_AUTOS = YES_AGGRESSIVE;
				GCC_WARN_UNUSED_FUNCTION = YES;
				GCC_WARN_UNUSED_VARIABLE = YES;
				MTL_ENABLE_DEBUG_INFO = INCLUDE_SOURCE;
				MTL_FAST_MATH = YES;
				ONLY_ACTIVE_ARCH = YES;
				SWIFT_ACTIVE_COMPILATION_CONDITIONS = DEBUG;
				SWIFT_OPTIMIZATION_LEVEL = "-Onone";
			};
			name = Debug;
		};
		F18B15F229F348140097C3C9 /* Release */ = {
			isa = XCBuildConfiguration;
			buildSettings = {
				ALWAYS_SEARCH_USER_PATHS = NO;
				CLANG_ANALYZER_NONNULL = YES;
				CLANG_ANALYZER_NUMBER_OBJECT_CONVERSION = YES_AGGRESSIVE;
				CLANG_CXX_LANGUAGE_STANDARD = "gnu++20";
				CLANG_ENABLE_MODULES = YES;
				CLANG_ENABLE_OBJC_ARC = YES;
				CLANG_ENABLE_OBJC_WEAK = YES;
				CLANG_WARN_BLOCK_CAPTURE_AUTORELEASING = YES;
				CLANG_WARN_BOOL_CONVERSION = YES;
				CLANG_WARN_COMMA = YES;
				CLANG_WARN_CONSTANT_CONVERSION = YES;
				CLANG_WARN_DEPRECATED_OBJC_IMPLEMENTATIONS = YES;
				CLANG_WARN_DIRECT_OBJC_ISA_USAGE = YES_ERROR;
				CLANG_WARN_DOCUMENTATION_COMMENTS = YES;
				CLANG_WARN_EMPTY_BODY = YES;
				CLANG_WARN_ENUM_CONVERSION = YES;
				CLANG_WARN_INFINITE_RECURSION = YES;
				CLANG_WARN_INT_CONVERSION = YES;
				CLANG_WARN_NON_LITERAL_NULL_CONVERSION = YES;
				CLANG_WARN_OBJC_IMPLICIT_RETAIN_SELF = YES;
				CLANG_WARN_OBJC_LITERAL_CONVERSION = YES;
				CLANG_WARN_OBJC_ROOT_CLASS = YES_ERROR;
				CLANG_WARN_QUOTED_INCLUDE_IN_FRAMEWORK_HEADER = YES;
				CLANG_WARN_RANGE_LOOP_ANALYSIS = YES;
				CLANG_WARN_STRICT_PROTOTYPES = YES;
				CLANG_WARN_SUSPICIOUS_MOVE = YES;
				CLANG_WARN_UNGUARDED_AVAILABILITY = YES_AGGRESSIVE;
				CLANG_WARN_UNREACHABLE_CODE = YES;
				CLANG_WARN__DUPLICATE_METHOD_MATCH = YES;
				COPY_PHASE_STRIP = NO;
				DEBUG_INFORMATION_FORMAT = "dwarf-with-dsym";
				ENABLE_NS_ASSERTIONS = NO;
				ENABLE_STRICT_OBJC_MSGSEND = YES;
				GCC_C_LANGUAGE_STANDARD = gnu11;
				GCC_NO_COMMON_BLOCKS = YES;
				GCC_WARN_64_TO_32_BIT_CONVERSION = YES;
				GCC_WARN_ABOUT_RETURN_TYPE = YES_ERROR;
				GCC_WARN_UNDECLARED_SELECTOR = YES;
				GCC_WARN_UNINITIALIZED_AUTOS = YES_AGGRESSIVE;
				GCC_WARN_UNUSED_FUNCTION = YES;
				GCC_WARN_UNUSED_VARIABLE = YES;
				MTL_ENABLE_DEBUG_INFO = NO;
				MTL_FAST_MATH = YES;
				SWIFT_COMPILATION_MODE = wholemodule;
				SWIFT_OPTIMIZATION_LEVEL = "-O";
			};
			name = Release;
		};
		F18B15F429F348140097C3C9 /* Debug */ = {
			isa = XCBuildConfiguration;
			buildSettings = {
				ASSETCATALOG_COMPILER_APPICON_NAME = AppIcon;
				ASSETCATALOG_COMPILER_GLOBAL_ACCENT_COLOR_NAME = AccentColor;
				CODE_SIGN_ENTITLEMENTS = SwiftySLS/SwiftySLS.entitlements;
				CODE_SIGN_STYLE = Automatic;
				CURRENT_PROJECT_VERSION = 1;
				DEVELOPMENT_ASSET_PATHS = "\"SwiftySLS/Preview Content\"";
				DEVELOPMENT_TEAM = 8R4XAJ3LNY;
				ENABLE_HARDENED_RUNTIME = YES;
				ENABLE_PREVIEWS = YES;
				GENERATE_INFOPLIST_FILE = YES;
				"INFOPLIST_KEY_UIApplicationSceneManifest_Generation[sdk=iphoneos*]" = YES;
				"INFOPLIST_KEY_UIApplicationSceneManifest_Generation[sdk=iphonesimulator*]" = YES;
				"INFOPLIST_KEY_UIApplicationSupportsIndirectInputEvents[sdk=iphoneos*]" = YES;
				"INFOPLIST_KEY_UIApplicationSupportsIndirectInputEvents[sdk=iphonesimulator*]" = YES;
				"INFOPLIST_KEY_UILaunchScreen_Generation[sdk=iphoneos*]" = YES;
				"INFOPLIST_KEY_UILaunchScreen_Generation[sdk=iphonesimulator*]" = YES;
				"INFOPLIST_KEY_UIStatusBarStyle[sdk=iphoneos*]" = UIStatusBarStyleDefault;
				"INFOPLIST_KEY_UIStatusBarStyle[sdk=iphonesimulator*]" = UIStatusBarStyleDefault;
				INFOPLIST_KEY_UISupportedInterfaceOrientations_iPad = "UIInterfaceOrientationPortrait UIInterfaceOrientationPortraitUpsideDown UIInterfaceOrientationLandscapeLeft UIInterfaceOrientationLandscapeRight";
				INFOPLIST_KEY_UISupportedInterfaceOrientations_iPhone = "UIInterfaceOrientationPortrait UIInterfaceOrientationLandscapeLeft UIInterfaceOrientationLandscapeRight";
				IPHONEOS_DEPLOYMENT_TARGET = 16.1;
				LD_RUNPATH_SEARCH_PATHS = "@executable_path/Frameworks";
				"LD_RUNPATH_SEARCH_PATHS[sdk=macosx*]" = "@executable_path/../Frameworks";
				MACOSX_DEPLOYMENT_TARGET = 12.6;
				MARKETING_VERSION = 1.0;
				PRODUCT_BUNDLE_IDENTIFIER = com.ocean.SwiftySLS;
				PRODUCT_NAME = "$(TARGET_NAME)";
				SDKROOT = auto;
				SUPPORTED_PLATFORMS = "iphoneos iphonesimulator macosx";
				SWIFT_EMIT_LOC_STRINGS = YES;
				SWIFT_VERSION = 5.0;
				TARGETED_DEVICE_FAMILY = "1,2";
			};
			name = Debug;
		};
		F18B15F529F348140097C3C9 /* Release */ = {
			isa = XCBuildConfiguration;
			buildSettings = {
				ASSETCATALOG_COMPILER_APPICON_NAME = AppIcon;
				ASSETCATALOG_COMPILER_GLOBAL_ACCENT_COLOR_NAME = AccentColor;
				CODE_SIGN_ENTITLEMENTS = SwiftySLS/SwiftySLS.entitlements;
				CODE_SIGN_STYLE = Automatic;
				CURRENT_PROJECT_VERSION = 1;
				DEVELOPMENT_ASSET_PATHS = "\"SwiftySLS/Preview Content\"";
				DEVELOPMENT_TEAM = 8R4XAJ3LNY;
				ENABLE_HARDENED_RUNTIME = YES;
				ENABLE_PREVIEWS = YES;
				GENERATE_INFOPLIST_FILE = YES;
				"INFOPLIST_KEY_UIApplicationSceneManifest_Generation[sdk=iphoneos*]" = YES;
				"INFOPLIST_KEY_UIApplicationSceneManifest_Generation[sdk=iphonesimulator*]" = YES;
				"INFOPLIST_KEY_UIApplicationSupportsIndirectInputEvents[sdk=iphoneos*]" = YES;
				"INFOPLIST_KEY_UIApplicationSupportsIndirectInputEvents[sdk=iphonesimulator*]" = YES;
				"INFOPLIST_KEY_UILaunchScreen_Generation[sdk=iphoneos*]" = YES;
				"INFOPLIST_KEY_UILaunchScreen_Generation[sdk=iphonesimulator*]" = YES;
				"INFOPLIST_KEY_UIStatusBarStyle[sdk=iphoneos*]" = UIStatusBarStyleDefault;
				"INFOPLIST_KEY_UIStatusBarStyle[sdk=iphonesimulator*]" = UIStatusBarStyleDefault;
				INFOPLIST_KEY_UISupportedInterfaceOrientations_iPad = "UIInterfaceOrientationPortrait UIInterfaceOrientationPortraitUpsideDown UIInterfaceOrientationLandscapeLeft UIInterfaceOrientationLandscapeRight";
				INFOPLIST_KEY_UISupportedInterfaceOrientations_iPhone = "UIInterfaceOrientationPortrait UIInterfaceOrientationLandscapeLeft UIInterfaceOrientationLandscapeRight";
				IPHONEOS_DEPLOYMENT_TARGET = 16.1;
				LD_RUNPATH_SEARCH_PATHS = "@executable_path/Frameworks";
				"LD_RUNPATH_SEARCH_PATHS[sdk=macosx*]" = "@executable_path/../Frameworks";
				MACOSX_DEPLOYMENT_TARGET = 12.6;
				MARKETING_VERSION = 1.0;
				PRODUCT_BUNDLE_IDENTIFIER = com.ocean.SwiftySLS;
				PRODUCT_NAME = "$(TARGET_NAME)";
				SDKROOT = auto;
				SUPPORTED_PLATFORMS = "iphoneos iphonesimulator macosx";
				SWIFT_EMIT_LOC_STRINGS = YES;
				SWIFT_VERSION = 5.0;
				TARGETED_DEVICE_FAMILY = "1,2";
			};
			name = Release;
		};
/* End XCBuildConfiguration section */

/* Begin XCConfigurationList section */
		F18B15DF29F348120097C3C9 /* Build configuration list for PBXProject "SwiftySLS" */ = {
			isa = XCConfigurationList;
			buildConfigurations = (
				F18B15F129F348140097C3C9 /* Debug */,
				F18B15F229F348140097C3C9 /* Release */,
			);
			defaultConfigurationIsVisible = 0;
			defaultConfigurationName = Release;
		};
		F18B15F329F348140097C3C9 /* Build configuration list for PBXNativeTarget "SwiftySLS" */ = {
			isa = XCConfigurationList;
			buildConfigurations = (
				F18B15F429F348140097C3C9 /* Debug */,
				F18B15F529F348140097C3C9 /* Release */,
			);
			defaultConfigurationIsVisible = 0;
			defaultConfigurationName = Release;
		};
/* End XCConfigurationList section */
	};
	rootObject = F18B15DC29F348120097C3C9 /* Project object */;
}
